PODS:
  - Alamofire (4.8.2)
  - IQKeyboardManagerSwift (6.5.10)
  - KeychainAccess (4.2.2)
  - Nimble (10.0.0)
  - "NSObject+Rx (5.2.2)":
    - RxSwift (~> 6.2)
  - RxCocoa (6.5.0):
    - RxRelay (= 6.5.0)
    - RxSwift (= 6.5.0)
  - RxGesture (4.0.4):
    - RxCocoa (~> 6.0)
    - RxSwift (~> 6.0)
  - RxRelay (6.5.0):
    - RxSwift (= 6.5.0)
  - RxSwift (6.5.0)
  - SnapKit (5.6.0)
  - Swinject (2.8.1)

DEPENDENCIES:
  - Alamofire (= 4.8.2)
  - IQKeyboardManagerSwift
  - KeychainAccess
  - Nimble
  - "NSObject+Rx"
  - RxCocoa (= 6.5.0)
  - RxGesture
  - RxSwift (= 6.5.0)
  - SnapKit (= 5.6.0)
  - Swinject (= 2.8.1)

SPEC REPOS:
  trunk:
    - Alamofire
    - IQKeyboardManagerSwift
    - KeychainAccess
    - Nimble
    - "NSObject+Rx"
    - RxCocoa
    - RxGesture
    - RxRelay
    - RxSwift
    - SnapKit
    - Swinject

SPEC CHECKSUMS:
  Alamofire: ae5c501addb7afdbb13687d7f2f722c78734c2d3
  IQKeyboardManagerSwift: 52962c76ab33532f15ad9f3ff4e5715eda5335bb
  KeychainAccess: c0c4f7f38f6fc7bbe58f5702e25f7bd2f65abf51
  Nimble: 5316ef81a170ce87baf72dd961f22f89a602ff84
  "NSObject+Rx": 61cf1f7306a73dcef8b36649198af0813ec18dfd
  RxCocoa: 94f817b71c07517321eb4f9ad299112ca8af743b
  RxGesture: f3efb47ed2d26a8082f7b660d4a59970e275a7f8
  RxRelay: 1de1523e604c72b6c68feadedd1af3b1b4d0ecbd
  RxSwift: 5710a9e6b17f3c3d6e40d6e559b9fa1e813b2ef8
  SnapKit: e01d52ebb8ddbc333eefe2132acf85c8227d9c25
  Swinject: 97112918bd7e0785dc2df7036213f3c8cbba6586

PODFILE CHECKSUM: 99146aa8371f6242339a112637bc411f6bcab566

COCOAPODS: 1.11.3
