PODS:
  - Alamofire (4.8.2)
  - Cuckoo (1.8.0):
    - Cuckoo/Swift (= 1.8.0)
  - Cuckoo/Swift (1.8.0)
  - IQKeyboardManagerSwift (6.5.10)
  - KeychainAccess (4.2.2)
  - Nimble (9.2.1)
  - "NSObject+Rx (5.2.2)":
    - RxSwift (~> 6.2)
  - Quick (5.0.1)
  - RxBlocking (6.5.0):
    - RxSwift (= 6.5.0)
  - RxCocoa (6.5.0):
    - RxRelay (= 6.5.0)
    - RxSwift (= 6.5.0)
  - RxGesture (4.0.4):
    - RxCocoa (~> 6.0)
    - RxSwift (~> 6.0)
  - RxNimble (5.1.2):
    - RxNimble/RxBlocking (= 5.1.2)
  - RxNimble/Core (5.1.2):
    - Nimble (~> 9.2)
    - RxSwift (~> 6.0)
  - RxNimble/RxBlocking (5.1.2):
    - RxBlocking
    - RxNimble/Core
  - RxRelay (6.5.0):
    - RxSwift (= 6.5.0)
  - RxSwift (6.5.0)
  - SnapKit (5.6.0)
  - Swinject (2.8.1)

DEPENDENCIES:
  - Alamofire (= 4.8.2)
  - Cuckoo
  - IQKeyboardManagerSwift
  - KeychainAccess
  - Nimble
  - "NSObject+Rx"
  - Quick
  - RxCocoa (= 6.5.0)
  - RxGesture
  - RxNimble
  - RxSwift (= 6.5.0)
  - SnapKit (= 5.6.0)
  - Swinject (= 2.8.1)

SPEC REPOS:
  trunk:
    - Alamofire
    - Cuckoo
    - IQKeyboardManagerSwift
    - KeychainAccess
    - Nimble
    - "NSObject+Rx"
    - Quick
    - RxBlocking
    - RxCocoa
    - RxGesture
    - RxNimble
    - RxRelay
    - RxSwift
    - SnapKit
    - Swinject

SPEC CHECKSUMS:
  Alamofire: ae5c501addb7afdbb13687d7f2f722c78734c2d3
  Cuckoo: 33cc15762a936352265c30396069f1cb160d9596
  IQKeyboardManagerSwift: 52962c76ab33532f15ad9f3ff4e5715eda5335bb
  KeychainAccess: c0c4f7f38f6fc7bbe58f5702e25f7bd2f65abf51
  Nimble: e7e615c0335ee4bf5b0d786685451e62746117d5
  "NSObject+Rx": 61cf1f7306a73dcef8b36649198af0813ec18dfd
  Quick: 749aa754fd1e7d984f2000fe051e18a3a9809179
  RxBlocking: 04b5fd28bb5ea49f7d64b80db8bbfe50d9cc1c7d
  RxCocoa: 94f817b71c07517321eb4f9ad299112ca8af743b
  RxGesture: f3efb47ed2d26a8082f7b660d4a59970e275a7f8
  RxNimble: 60c8162b1518306a11d0c272a65ade133b209670
  RxRelay: 1de1523e604c72b6c68feadedd1af3b1b4d0ecbd
  RxSwift: 5710a9e6b17f3c3d6e40d6e559b9fa1e813b2ef8
  SnapKit: e01d52ebb8ddbc333eefe2132acf85c8227d9c25
  Swinject: 97112918bd7e0785dc2df7036213f3c8cbba6586

PODFILE CHECKSUM: c20874546d2e38de957c9a7d521427b106930296

COCOAPODS: 1.11.3
